
Microsoft Visual Studio Solution File, Format Version 12.00
# Visual Studio Version 16
VisualStudioVersion = 16.0.30907.101
MinimumVisualStudioVersion = 10.0.40219.1
Project("{FAE04EC0-301F-11D3-BF4B-00C04F79EFBC}") = "EchoBot1", "EchoBot1\EchoBot1.csproj", "{118ECC4E-284D-4F3C-AE75-94A224B4C1A6}"
EndProject
Global
	GlobalSection(SolutionConfigurationPlatforms) = preSolution
		Debug|Any CPU = Debug|Any CPU
		Release|Any CPU = Release|Any CPU
	EndGlobalSection
	GlobalSection(ProjectConfigurationPlatforms) = postSolution
		{118ECC4E-284D-4F3C-AE75-94A224B4C1A6}.Debug|Any CPU.ActiveCfg = Debug|Any CPU
		{118ECC4E-284D-4F3C-AE75-94A224B4C1A6}.Debug|Any CPU.Build.0 = Debug|Any CPU
		{118ECC4E-284D-4F3C-AE75-94A224B4C1A6}.Release|Any CPU.ActiveCfg = Release|Any CPU
		{118ECC4E-284D-4F3C-AE75-94A224B4C1A6}.Release|Any CPU.Build.0 = Release|Any CPU
	EndGlobalSection
	GlobalSection(SolutionProperties) = preSolution
		HideSolutionNode = FALSE
	EndGlobalSection
	GlobalSection(ExtensibilityGlobals) = postSolution
		SolutionGuid = {BF2DD2D0-D612-4D6E-B6CE-19646A1CA701}
	EndGlobalSection
EndGlobal
